
Microsoft Visual Studio Solution File, Format Version 12.00
# Visual Studio Version 16
VisualStudioVersion = 16.0.30523.141
MinimumVisualStudioVersion = 10.0.40219.1
Project("{9A19103F-16F7-4668-BE54-9A1E7A4F7556}") = "MultiFunPlayer", "MultiFunPlayer\MultiFunPlayer.csproj", "{B71A0DDC-A3AA-4103-91A1-59DFCC236E7C}"
EndProject
Global
	GlobalSection(SolutionConfigurationPlatforms) = preSolution
		Debug|Any CPU = Debug|Any CPU
		Release|Any CPU = Release|Any CPU
	EndGlobalSection
	GlobalSection(ProjectConfigurationPlatforms) = postSolution
		{B71A0DDC-A3AA-4103-91A1-59DFCC236E7C}.Debug|Any CPU.ActiveCfg = Debug|Any CPU
		{B71A0DDC-A3AA-4103-91A1-59DFCC236E7C}.Debug|Any CPU.Build.0 = Debug|Any CPU
		{B71A0DDC-A3AA-4103-91A1-59DFCC236E7C}.Release|Any CPU.ActiveCfg = Release|Any CPU
		{B71A0DDC-A3AA-4103-91A1-59DFCC236E7C}.Release|Any CPU.Build.0 = Release|Any CPU
	EndGlobalSection
	GlobalSection(SolutionProperties) = preSolution
		HideSolutionNode = FALSE
	EndGlobalSection
	GlobalSection(ExtensibilityGlobals) = postSolution
		SolutionGuid = {EF5998D2-5C54-4C62-9C0C-26D0AEF90D38}
	EndGlobalSection
EndGlobal
